
Microsoft Visual Studio Solution File, Format Version 12.00
# Visual Studio 14
VisualStudioVersion = 14.0.25420.1
MinimumVisualStudioVersion = 10.0.40219.1
Project("{8BC9CEB8-8B4A-11D0-8D11-00A0C91BC942}") = "Boost Signals", "Test Signals\Test Signals.vcxproj", "{4DC3E8BE-A928-4CA2-B487-30431F59D657}"
EndProject
Project("{8BC9CEB8-8B4A-11D0-8D11-00A0C91BC942}") = "Boost Log", "Test Log\Test Log.vcxproj", "{C99EA8A9-CEF1-4303-B078-9B21EBFD68C9}"
EndProject
Project("{8BC9CEB8-8B4A-11D0-8D11-00A0C91BC942}") = "Boost Circular Buffer", "Test Circular Buffer\Test Circular Buffer.vcxproj", "{B4C4BC06-A2F3-4088-8269-E37EDB8F833E}"
EndProject
Project("{8BC9CEB8-8B4A-11D0-8D11-00A0C91BC942}") = "Std Thread Futures Async", "Std Thread Futures Async\Std Thread Futures Async.vcxproj", "{4F5B9E70-A348-4A4B-88D2-D64C1A90C9D3}"
EndProject
Project("{8BC9CEB8-8B4A-11D0-8D11-00A0C91BC942}") = "Tbb Playground", "Tbb Playground\TbbPlayground.vcxproj", "{E0948BBD-AC25-410F-98D3-D309306D36D9}"
EndProject
Project("{8BC9CEB8-8B4A-11D0-8D11-00A0C91BC942}") = "Boost Blocking UDP Echo Client", "Boost Blocking UDP Echo Client\Boost Blocking UDP Echo Client.vcxproj", "{1F6217E0-A9EF-4B23-9274-4107C5133FD0}"
EndProject
Project("{8BC9CEB8-8B4A-11D0-8D11-00A0C91BC942}") = "Boost Blocking UDP Echo Server", "Boost Blocking UDP Echo Server\Boost Blocking UDP Echo Client Server.vcxproj", "{3EE168E1-FE98-48D4-9169-E5B8D09ED475}"
EndProject
Project("{F184B08F-C81C-45F6-A57F-5ABD9991F28F}") = "VB UDP Server", "VB UDP Server\VB UDP Server.vbproj", "{FE7A4F5F-1501-4EE8-8C35-EC0AF78C9860}"
EndProject
Project("{F184B08F-C81C-45F6-A57F-5ABD9991F28F}") = "VB UDP Client", "VB UDP Client\VB UDP Client.vbproj", "{1BE9E0F6-5346-44EC-9807-B11E3BF6126F}"
EndProject
Global
	GlobalSection(SolutionConfigurationPlatforms) = preSolution
		Debug|Any CPU = Debug|Any CPU
		Debug|ARM = Debug|ARM
		Debug|x64 = Debug|x64
		Debug|x86 = Debug|x86
		Release|Any CPU = Release|Any CPU
		Release|ARM = Release|ARM
		Release|x64 = Release|x64
		Release|x86 = Release|x86
	EndGlobalSection
	GlobalSection(ProjectConfigurationPlatforms) = postSolution
		{4DC3E8BE-A928-4CA2-B487-30431F59D657}.Debug|Any CPU.ActiveCfg = Debug|Win32
		{4DC3E8BE-A928-4CA2-B487-30431F59D657}.Debug|ARM.ActiveCfg = Debug|Win32
		{4DC3E8BE-A928-4CA2-B487-30431F59D657}.Debug|x64.ActiveCfg = Debug|x64
		{4DC3E8BE-A928-4CA2-B487-30431F59D657}.Debug|x64.Build.0 = Debug|x64
		{4DC3E8BE-A928-4CA2-B487-30431F59D657}.Debug|x86.ActiveCfg = Debug|Win32
		{4DC3E8BE-A928-4CA2-B487-30431F59D657}.Debug|x86.Build.0 = Debug|Win32
		{4DC3E8BE-A928-4CA2-B487-30431F59D657}.Release|Any CPU.ActiveCfg = Release|Win32
		{4DC3E8BE-A928-4CA2-B487-30431F59D657}.Release|ARM.ActiveCfg = Release|Win32
		{4DC3E8BE-A928-4CA2-B487-30431F59D657}.Release|x64.ActiveCfg = Release|x64
		{4DC3E8BE-A928-4CA2-B487-30431F59D657}.Release|x64.Build.0 = Release|x64
		{4DC3E8BE-A928-4CA2-B487-30431F59D657}.Release|x86.ActiveCfg = Release|Win32
		{4DC3E8BE-A928-4CA2-B487-30431F59D657}.Release|x86.Build.0 = Release|Win32
		{C99EA8A9-CEF1-4303-B078-9B21EBFD68C9}.Debug|Any CPU.ActiveCfg = Debug|Win32
		{C99EA8A9-CEF1-4303-B078-9B21EBFD68C9}.Debug|ARM.ActiveCfg = Debug|Win32
		{C99EA8A9-CEF1-4303-B078-9B21EBFD68C9}.Debug|x64.ActiveCfg = Debug|x64
		{C99EA8A9-CEF1-4303-B078-9B21EBFD68C9}.Debug|x64.Build.0 = Debug|x64
		{C99EA8A9-CEF1-4303-B078-9B21EBFD68C9}.Debug|x86.ActiveCfg = Debug|Win32
		{C99EA8A9-CEF1-4303-B078-9B21EBFD68C9}.Debug|x86.Build.0 = Debug|Win32
		{C99EA8A9-CEF1-4303-B078-9B21EBFD68C9}.Release|Any CPU.ActiveCfg = Release|Win32
		{C99EA8A9-CEF1-4303-B078-9B21EBFD68C9}.Release|ARM.ActiveCfg = Release|Win32
		{C99EA8A9-CEF1-4303-B078-9B21EBFD68C9}.Release|x64.ActiveCfg = Release|x64
		{C99EA8A9-CEF1-4303-B078-9B21EBFD68C9}.Release|x64.Build.0 = Release|x64
		{C99EA8A9-CEF1-4303-B078-9B21EBFD68C9}.Release|x86.ActiveCfg = Release|Win32
		{C99EA8A9-CEF1-4303-B078-9B21EBFD68C9}.Release|x86.Build.0 = Release|Win32
		{B4C4BC06-A2F3-4088-8269-E37EDB8F833E}.Debug|Any CPU.ActiveCfg = Debug|Win32
		{B4C4BC06-A2F3-4088-8269-E37EDB8F833E}.Debug|ARM.ActiveCfg = Debug|Win32
		{B4C4BC06-A2F3-4088-8269-E37EDB8F833E}.Debug|x64.ActiveCfg = Debug|x64
		{B4C4BC06-A2F3-4088-8269-E37EDB8F833E}.Debug|x64.Build.0 = Debug|x64
		{B4C4BC06-A2F3-4088-8269-E37EDB8F833E}.Debug|x86.ActiveCfg = Debug|Win32
		{B4C4BC06-A2F3-4088-8269-E37EDB8F833E}.Debug|x86.Build.0 = Debug|Win32
		{B4C4BC06-A2F3-4088-8269-E37EDB8F833E}.Release|Any CPU.ActiveCfg = Release|Win32
		{B4C4BC06-A2F3-4088-8269-E37EDB8F833E}.Release|ARM.ActiveCfg = Release|Win32
		{B4C4BC06-A2F3-4088-8269-E37EDB8F833E}.Release|x64.ActiveCfg = Release|x64
		{B4C4BC06-A2F3-4088-8269-E37EDB8F833E}.Release|x64.Build.0 = Release|x64
		{B4C4BC06-A2F3-4088-8269-E37EDB8F833E}.Release|x86.ActiveCfg = Release|Win32
		{B4C4BC06-A2F3-4088-8269-E37EDB8F833E}.Release|x86.Build.0 = Release|Win32
		{4F5B9E70-A348-4A4B-88D2-D64C1A90C9D3}.Debug|Any CPU.ActiveCfg = Debug|Win32
		{4F5B9E70-A348-4A4B-88D2-D64C1A90C9D3}.Debug|ARM.ActiveCfg = Debug|Win32
		{4F5B9E70-A348-4A4B-88D2-D64C1A90C9D3}.Debug|x64.ActiveCfg = Debug|x64
		{4F5B9E70-A348-4A4B-88D2-D64C1A90C9D3}.Debug|x64.Build.0 = Debug|x64
		{4F5B9E70-A348-4A4B-88D2-D64C1A90C9D3}.Debug|x86.ActiveCfg = Debug|Win32
		{4F5B9E70-A348-4A4B-88D2-D64C1A90C9D3}.Debug|x86.Build.0 = Debug|Win32
		{4F5B9E70-A348-4A4B-88D2-D64C1A90C9D3}.Release|Any CPU.ActiveCfg = Release|Win32
		{4F5B9E70-A348-4A4B-88D2-D64C1A90C9D3}.Release|ARM.ActiveCfg = Release|Win32
		{4F5B9E70-A348-4A4B-88D2-D64C1A90C9D3}.Release|x64.ActiveCfg = Release|x64
		{4F5B9E70-A348-4A4B-88D2-D64C1A90C9D3}.Release|x64.Build.0 = Release|x64
		{4F5B9E70-A348-4A4B-88D2-D64C1A90C9D3}.Release|x86.ActiveCfg = Release|Win32
		{4F5B9E70-A348-4A4B-88D2-D64C1A90C9D3}.Release|x86.Build.0 = Release|Win32
		{E0948BBD-AC25-410F-98D3-D309306D36D9}.Debug|Any CPU.ActiveCfg = Debug|Win32
		{E0948BBD-AC25-410F-98D3-D309306D36D9}.Debug|ARM.ActiveCfg = Debug|Win32
		{E0948BBD-AC25-410F-98D3-D309306D36D9}.Debug|x64.ActiveCfg = Debug|x64
		{E0948BBD-AC25-410F-98D3-D309306D36D9}.Debug|x64.Build.0 = Debug|x64
		{E0948BBD-AC25-410F-98D3-D309306D36D9}.Debug|x86.ActiveCfg = Debug|Win32
		{E0948BBD-AC25-410F-98D3-D309306D36D9}.Debug|x86.Build.0 = Debug|Win32
		{E0948BBD-AC25-410F-98D3-D309306D36D9}.Release|Any CPU.ActiveCfg = Release|Win32
		{E0948BBD-AC25-410F-98D3-D309306D36D9}.Release|ARM.ActiveCfg = Release|Win32
		{E0948BBD-AC25-410F-98D3-D309306D36D9}.Release|x64.ActiveCfg = Release|x64
		{E0948BBD-AC25-410F-98D3-D309306D36D9}.Release|x64.Build.0 = Release|x64
		{E0948BBD-AC25-410F-98D3-D309306D36D9}.Release|x86.ActiveCfg = Release|Win32
		{E0948BBD-AC25-410F-98D3-D309306D36D9}.Release|x86.Build.0 = Release|Win32
		{1F6217E0-A9EF-4B23-9274-4107C5133FD0}.Debug|Any CPU.ActiveCfg = Debug|Win32
		{1F6217E0-A9EF-4B23-9274-4107C5133FD0}.Debug|ARM.ActiveCfg = Debug|Win32
		{1F6217E0-A9EF-4B23-9274-4107C5133FD0}.Debug|x64.ActiveCfg = Debug|x64
		{1F6217E0-A9EF-4B23-9274-4107C5133FD0}.Debug|x64.Build.0 = Debug|x64
		{1F6217E0-A9EF-4B23-9274-4107C5133FD0}.Debug|x86.ActiveCfg = Debug|Win32
		{1F6217E0-A9EF-4B23-9274-4107C5133FD0}.Debug|x86.Build.0 = Debug|Win32
		{1F6217E0-A9EF-4B23-9274-4107C5133FD0}.Release|Any CPU.ActiveCfg = Release|Win32
		{1F6217E0-A9EF-4B23-9274-4107C5133FD0}.Release|ARM.ActiveCfg = Release|Win32
		{1F6217E0-A9EF-4B23-9274-4107C5133FD0}.Release|x64.ActiveCfg = Release|x64
		{1F6217E0-A9EF-4B23-9274-4107C5133FD0}.Release|x64.Build.0 = Release|x64
		{1F6217E0-A9EF-4B23-9274-4107C5133FD0}.Release|x86.ActiveCfg = Release|Win32
		{1F6217E0-A9EF-4B23-9274-4107C5133FD0}.Release|x86.Build.0 = Release|Win32
		{3EE168E1-FE98-48D4-9169-E5B8D09ED475}.Debug|Any CPU.ActiveCfg = Debug|Win32
		{3EE168E1-FE98-48D4-9169-E5B8D09ED475}.Debug|ARM.ActiveCfg = Debug|Win32
		{3EE168E1-FE98-48D4-9169-E5B8D09ED475}.Debug|x64.ActiveCfg = Debug|x64
		{3EE168E1-FE98-48D4-9169-E5B8D09ED475}.Debug|x64.Build.0 = Debug|x64
		{3EE168E1-FE98-48D4-9169-E5B8D09ED475}.Debug|x86.ActiveCfg = Debug|Win32
		{3EE168E1-FE98-48D4-9169-E5B8D09ED475}.Debug|x86.Build.0 = Debug|Win32
		{3EE168E1-FE98-48D4-9169-E5B8D09ED475}.Release|Any CPU.ActiveCfg = Release|Win32
		{3EE168E1-FE98-48D4-9169-E5B8D09ED475}.Release|ARM.ActiveCfg = Release|Win32
		{3EE168E1-FE98-48D4-9169-E5B8D09ED475}.Release|x64.ActiveCfg = Release|x64
		{3EE168E1-FE98-48D4-9169-E5B8D09ED475}.Release|x64.Build.0 = Release|x64
		{3EE168E1-FE98-48D4-9169-E5B8D09ED475}.Release|x86.ActiveCfg = Release|Win32
		{3EE168E1-FE98-48D4-9169-E5B8D09ED475}.Release|x86.Build.0 = Release|Win32
		{FE7A4F5F-1501-4EE8-8C35-EC0AF78C9860}.Debug|Any CPU.ActiveCfg = Debug|Any CPU
		{FE7A4F5F-1501-4EE8-8C35-EC0AF78C9860}.Debug|Any CPU.Build.0 = Debug|Any CPU
		{FE7A4F5F-1501-4EE8-8C35-EC0AF78C9860}.Debug|ARM.ActiveCfg = Debug|Any CPU
		{FE7A4F5F-1501-4EE8-8C35-EC0AF78C9860}.Debug|ARM.Build.0 = Debug|Any CPU
		{FE7A4F5F-1501-4EE8-8C35-EC0AF78C9860}.Debug|x64.ActiveCfg = Debug|Any CPU
		{FE7A4F5F-1501-4EE8-8C35-EC0AF78C9860}.Debug|x64.Build.0 = Debug|Any CPU
		{FE7A4F5F-1501-4EE8-8C35-EC0AF78C9860}.Debug|x86.ActiveCfg = Debug|Any CPU
		{FE7A4F5F-1501-4EE8-8C35-EC0AF78C9860}.Debug|x86.Build.0 = Debug|Any CPU
		{FE7A4F5F-1501-4EE8-8C35-EC0AF78C9860}.Release|Any CPU.ActiveCfg = Release|Any CPU
		{FE7A4F5F-1501-4EE8-8C35-EC0AF78C9860}.Release|Any CPU.Build.0 = Release|Any CPU
		{FE7A4F5F-1501-4EE8-8C35-EC0AF78C9860}.Release|ARM.ActiveCfg = Release|Any CPU
		{FE7A4F5F-1501-4EE8-8C35-EC0AF78C9860}.Release|ARM.Build.0 = Release|Any CPU
		{FE7A4F5F-1501-4EE8-8C35-EC0AF78C9860}.Release|x64.ActiveCfg = Release|Any CPU
		{FE7A4F5F-1501-4EE8-8C35-EC0AF78C9860}.Release|x64.Build.0 = Release|Any CPU
		{FE7A4F5F-1501-4EE8-8C35-EC0AF78C9860}.Release|x86.ActiveCfg = Release|Any CPU
		{FE7A4F5F-1501-4EE8-8C35-EC0AF78C9860}.Release|x86.Build.0 = Release|Any CPU
		{1BE9E0F6-5346-44EC-9807-B11E3BF6126F}.Debug|Any CPU.ActiveCfg = Debug|Any CPU
		{1BE9E0F6-5346-44EC-9807-B11E3BF6126F}.Debug|Any CPU.Build.0 = Debug|Any CPU
		{1BE9E0F6-5346-44EC-9807-B11E3BF6126F}.Debug|ARM.ActiveCfg = Debug|Any CPU
		{1BE9E0F6-5346-44EC-9807-B11E3BF6126F}.Debug|ARM.Build.0 = Debug|Any CPU
		{1BE9E0F6-5346-44EC-9807-B11E3BF6126F}.Debug|x64.ActiveCfg = Debug|Any CPU
		{1BE9E0F6-5346-44EC-9807-B11E3BF6126F}.Debug|x64.Build.0 = Debug|Any CPU
		{1BE9E0F6-5346-44EC-9807-B11E3BF6126F}.Debug|x86.ActiveCfg = Debug|Any CPU
		{1BE9E0F6-5346-44EC-9807-B11E3BF6126F}.Debug|x86.Build.0 = Debug|Any CPU
		{1BE9E0F6-5346-44EC-9807-B11E3BF6126F}.Release|Any CPU.ActiveCfg = Release|Any CPU
		{1BE9E0F6-5346-44EC-9807-B11E3BF6126F}.Release|Any CPU.Build.0 = Release|Any CPU
		{1BE9E0F6-5346-44EC-9807-B11E3BF6126F}.Release|ARM.ActiveCfg = Release|Any CPU
		{1BE9E0F6-5346-44EC-9807-B11E3BF6126F}.Release|ARM.Build.0 = Release|Any CPU
		{1BE9E0F6-5346-44EC-9807-B11E3BF6126F}.Release|x64.ActiveCfg = Release|Any CPU
		{1BE9E0F6-5346-44EC-9807-B11E3BF6126F}.Release|x64.Build.0 = Release|Any CPU
		{1BE9E0F6-5346-44EC-9807-B11E3BF6126F}.Release|x86.ActiveCfg = Release|Any CPU
		{1BE9E0F6-5346-44EC-9807-B11E3BF6126F}.Release|x86.Build.0 = Release|Any CPU
	EndGlobalSection
	GlobalSection(SolutionProperties) = preSolution
		HideSolutionNode = FALSE
	EndGlobalSection
EndGlobal
