
Microsoft Visual Studio Solution File, Format Version 12.00
# Visual Studio 14
VisualStudioVersion = 14.0.25420.1
MinimumVisualStudioVersion = 10.0.40219.1
Project("{8BC9CEB8-8B4A-11D0-8D11-00A0C91BC942}") = "Std Thread Futures Async", "Std Thread Futures Async\Std Thread Futures Async.vcxproj", "{4F5B9E70-A348-4A4B-88D2-D64C1A90C9D3}"
EndProject
Project("{8BC9CEB8-8B4A-11D0-8D11-00A0C91BC942}") = "Tbb Playground", "Tbb Playground\TbbPlayground.vcxproj", "{E0948BBD-AC25-410F-98D3-D309306D36D9}"
EndProject
Project("{8BC9CEB8-8B4A-11D0-8D11-00A0C91BC942}") = "Boost Blocking UDP Echo Client", "Boost Blocking UDP Echo Client\Boost Blocking UDP Echo Client.vcxproj", "{1F6217E0-A9EF-4B23-9274-4107C5133FD0}"
EndProject
Project("{8BC9CEB8-8B4A-11D0-8D11-00A0C91BC942}") = "Boost Blocking UDP Echo Server", "Boost Blocking UDP Echo Server\Boost Blocking UDP Echo Client Server.vcxproj", "{3EE168E1-FE98-48D4-9169-E5B8D09ED475}"
EndProject
Project("{8BC9CEB8-8B4A-11D0-8D11-00A0C91BC942}") = "Boost Async TCP Echo Server", "Boost Async TCP Echo Server\Boost Async TCP Echo Server.vcxproj", "{B7A19194-732D-4CFE-A913-6BF74C2EC656}"
EndProject
Project("{8BC9CEB8-8B4A-11D0-8D11-00A0C91BC942}") = "Boost Blocking TCP Echo Server", "Boost Blocking TCP Echo Server\Boost Blocking TCP Echo Server.vcxproj", "{0BF86CE1-DF7A-4748-AE33-2A7AC4ACF388}"
EndProject
Project("{8BC9CEB8-8B4A-11D0-8D11-00A0C91BC942}") = "Boost Blocking TCP Echo Client", "Boost Blocking TCP Echo Client\Boost Blocking TCP Echo Client.vcxproj", "{8D0CF494-0D74-465F-9528-A3ABF91D8ABC}"
EndProject
Project("{8BC9CEB8-8B4A-11D0-8D11-00A0C91BC942}") = "Boost Log", "Boost Log\Boost Log.vcxproj", "{C99EA8A9-CEF1-4303-B078-9B21EBFD68C9}"
EndProject
Project("{8BC9CEB8-8B4A-11D0-8D11-00A0C91BC942}") = "Boost Signals", "Boost Signals\Boost Signals.vcxproj", "{4DC3E8BE-A928-4CA2-B487-30431F59D657}"
EndProject
Project("{8BC9CEB8-8B4A-11D0-8D11-00A0C91BC942}") = "Boost Circular Buffer", "Boost Circular Buffer\Boost Circular Buffer.vcxproj", "{B4C4BC06-A2F3-4088-8269-E37EDB8F833E}"
EndProject
Project("{F184B08F-C81C-45F6-A57F-5ABD9991F28F}") = "XProtocol", "XProtocol\XProtocol.vbproj", "{BCC89831-AE92-41BF-A79B-CB4568B08363}"
EndProject
Project("{F184B08F-C81C-45F6-A57F-5ABD9991F28F}") = "AsyncTcpClient", "AsyncTcpClient\AsyncTcpClient.vbproj", "{D4AE67E5-2BC3-44FF-8234-739689EDDC67}"
EndProject
Project("{F184B08F-C81C-45F6-A57F-5ABD9991F28F}") = "AsyncTcpServer", "AsyncTcpServer\AsyncTcpServer.vbproj", "{1316F77B-BF93-43F0-8FEB-B53DD0CAAA32}"
EndProject
Project("{8BC9CEB8-8B4A-11D0-8D11-00A0C91BC942}") = "Boost Chat Client", "Boost Chat Client\Boost Chat Client.vcxproj", "{E24B6F1C-B20A-49C9-A871-7B7740F20E71}"
EndProject
Project("{8BC9CEB8-8B4A-11D0-8D11-00A0C91BC942}") = "Boost Chat Server", "Boost Chat Server\Boost Chat Server.vcxproj", "{FF920734-E919-4217-99C6-2BAB60E7FD9E}"
EndProject
Project("{8BC9CEB8-8B4A-11D0-8D11-00A0C91BC942}") = "Boost Asio Http Server", "Boost Asio Http Server\Boost Asio Http Server.vcxproj", "{1ACDFF0D-EC96-47E7-9D01-1819896D5F52}"
EndProject
Global
	GlobalSection(SolutionConfigurationPlatforms) = preSolution
		Debug|Any CPU = Debug|Any CPU
		Debug|x64 = Debug|x64
		Debug|x86 = Debug|x86
		Release|Any CPU = Release|Any CPU
		Release|x64 = Release|x64
		Release|x86 = Release|x86
	EndGlobalSection
	GlobalSection(ProjectConfigurationPlatforms) = postSolution
		{4F5B9E70-A348-4A4B-88D2-D64C1A90C9D3}.Debug|Any CPU.ActiveCfg = Debug|Win32
		{4F5B9E70-A348-4A4B-88D2-D64C1A90C9D3}.Debug|x64.ActiveCfg = Debug|x64
		{4F5B9E70-A348-4A4B-88D2-D64C1A90C9D3}.Debug|x64.Build.0 = Debug|x64
		{4F5B9E70-A348-4A4B-88D2-D64C1A90C9D3}.Debug|x86.ActiveCfg = Debug|Win32
		{4F5B9E70-A348-4A4B-88D2-D64C1A90C9D3}.Debug|x86.Build.0 = Debug|Win32
		{4F5B9E70-A348-4A4B-88D2-D64C1A90C9D3}.Release|Any CPU.ActiveCfg = Release|Win32
		{4F5B9E70-A348-4A4B-88D2-D64C1A90C9D3}.Release|x64.ActiveCfg = Release|x64
		{4F5B9E70-A348-4A4B-88D2-D64C1A90C9D3}.Release|x64.Build.0 = Release|x64
		{4F5B9E70-A348-4A4B-88D2-D64C1A90C9D3}.Release|x86.ActiveCfg = Release|Win32
		{4F5B9E70-A348-4A4B-88D2-D64C1A90C9D3}.Release|x86.Build.0 = Release|Win32
		{E0948BBD-AC25-410F-98D3-D309306D36D9}.Debug|Any CPU.ActiveCfg = Debug|Win32
		{E0948BBD-AC25-410F-98D3-D309306D36D9}.Debug|x64.ActiveCfg = Debug|x64
		{E0948BBD-AC25-410F-98D3-D309306D36D9}.Debug|x64.Build.0 = Debug|x64
		{E0948BBD-AC25-410F-98D3-D309306D36D9}.Debug|x86.ActiveCfg = Debug|Win32
		{E0948BBD-AC25-410F-98D3-D309306D36D9}.Debug|x86.Build.0 = Debug|Win32
		{E0948BBD-AC25-410F-98D3-D309306D36D9}.Release|Any CPU.ActiveCfg = Release|Win32
		{E0948BBD-AC25-410F-98D3-D309306D36D9}.Release|x64.ActiveCfg = Release|x64
		{E0948BBD-AC25-410F-98D3-D309306D36D9}.Release|x64.Build.0 = Release|x64
		{E0948BBD-AC25-410F-98D3-D309306D36D9}.Release|x86.ActiveCfg = Release|Win32
		{E0948BBD-AC25-410F-98D3-D309306D36D9}.Release|x86.Build.0 = Release|Win32
		{1F6217E0-A9EF-4B23-9274-4107C5133FD0}.Debug|Any CPU.ActiveCfg = Debug|Win32
		{1F6217E0-A9EF-4B23-9274-4107C5133FD0}.Debug|x64.ActiveCfg = Debug|x64
		{1F6217E0-A9EF-4B23-9274-4107C5133FD0}.Debug|x64.Build.0 = Debug|x64
		{1F6217E0-A9EF-4B23-9274-4107C5133FD0}.Debug|x86.ActiveCfg = Debug|Win32
		{1F6217E0-A9EF-4B23-9274-4107C5133FD0}.Debug|x86.Build.0 = Debug|Win32
		{1F6217E0-A9EF-4B23-9274-4107C5133FD0}.Release|Any CPU.ActiveCfg = Release|Win32
		{1F6217E0-A9EF-4B23-9274-4107C5133FD0}.Release|x64.ActiveCfg = Release|x64
		{1F6217E0-A9EF-4B23-9274-4107C5133FD0}.Release|x64.Build.0 = Release|x64
		{1F6217E0-A9EF-4B23-9274-4107C5133FD0}.Release|x86.ActiveCfg = Release|Win32
		{1F6217E0-A9EF-4B23-9274-4107C5133FD0}.Release|x86.Build.0 = Release|Win32
		{3EE168E1-FE98-48D4-9169-E5B8D09ED475}.Debug|Any CPU.ActiveCfg = Debug|Win32
		{3EE168E1-FE98-48D4-9169-E5B8D09ED475}.Debug|x64.ActiveCfg = Debug|x64
		{3EE168E1-FE98-48D4-9169-E5B8D09ED475}.Debug|x64.Build.0 = Debug|x64
		{3EE168E1-FE98-48D4-9169-E5B8D09ED475}.Debug|x86.ActiveCfg = Debug|Win32
		{3EE168E1-FE98-48D4-9169-E5B8D09ED475}.Debug|x86.Build.0 = Debug|Win32
		{3EE168E1-FE98-48D4-9169-E5B8D09ED475}.Release|Any CPU.ActiveCfg = Release|Win32
		{3EE168E1-FE98-48D4-9169-E5B8D09ED475}.Release|x64.ActiveCfg = Release|x64
		{3EE168E1-FE98-48D4-9169-E5B8D09ED475}.Release|x64.Build.0 = Release|x64
		{3EE168E1-FE98-48D4-9169-E5B8D09ED475}.Release|x86.ActiveCfg = Release|Win32
		{3EE168E1-FE98-48D4-9169-E5B8D09ED475}.Release|x86.Build.0 = Release|Win32
		{B7A19194-732D-4CFE-A913-6BF74C2EC656}.Debug|Any CPU.ActiveCfg = Debug|Win32
		{B7A19194-732D-4CFE-A913-6BF74C2EC656}.Debug|x64.ActiveCfg = Debug|x64
		{B7A19194-732D-4CFE-A913-6BF74C2EC656}.Debug|x64.Build.0 = Debug|x64
		{B7A19194-732D-4CFE-A913-6BF74C2EC656}.Debug|x86.ActiveCfg = Debug|Win32
		{B7A19194-732D-4CFE-A913-6BF74C2EC656}.Debug|x86.Build.0 = Debug|Win32
		{B7A19194-732D-4CFE-A913-6BF74C2EC656}.Release|Any CPU.ActiveCfg = Release|Win32
		{B7A19194-732D-4CFE-A913-6BF74C2EC656}.Release|x64.ActiveCfg = Release|x64
		{B7A19194-732D-4CFE-A913-6BF74C2EC656}.Release|x64.Build.0 = Release|x64
		{B7A19194-732D-4CFE-A913-6BF74C2EC656}.Release|x86.ActiveCfg = Release|Win32
		{B7A19194-732D-4CFE-A913-6BF74C2EC656}.Release|x86.Build.0 = Release|Win32
		{0BF86CE1-DF7A-4748-AE33-2A7AC4ACF388}.Debug|Any CPU.ActiveCfg = Debug|Win32
		{0BF86CE1-DF7A-4748-AE33-2A7AC4ACF388}.Debug|x64.ActiveCfg = Debug|x64
		{0BF86CE1-DF7A-4748-AE33-2A7AC4ACF388}.Debug|x64.Build.0 = Debug|x64
		{0BF86CE1-DF7A-4748-AE33-2A7AC4ACF388}.Debug|x86.ActiveCfg = Debug|Win32
		{0BF86CE1-DF7A-4748-AE33-2A7AC4ACF388}.Debug|x86.Build.0 = Debug|Win32
		{0BF86CE1-DF7A-4748-AE33-2A7AC4ACF388}.Release|Any CPU.ActiveCfg = Release|Win32
		{0BF86CE1-DF7A-4748-AE33-2A7AC4ACF388}.Release|x64.ActiveCfg = Release|x64
		{0BF86CE1-DF7A-4748-AE33-2A7AC4ACF388}.Release|x64.Build.0 = Release|x64
		{0BF86CE1-DF7A-4748-AE33-2A7AC4ACF388}.Release|x86.ActiveCfg = Release|Win32
		{0BF86CE1-DF7A-4748-AE33-2A7AC4ACF388}.Release|x86.Build.0 = Release|Win32
		{8D0CF494-0D74-465F-9528-A3ABF91D8ABC}.Debug|Any CPU.ActiveCfg = Debug|Win32
		{8D0CF494-0D74-465F-9528-A3ABF91D8ABC}.Debug|x64.ActiveCfg = Debug|x64
		{8D0CF494-0D74-465F-9528-A3ABF91D8ABC}.Debug|x64.Build.0 = Debug|x64
		{8D0CF494-0D74-465F-9528-A3ABF91D8ABC}.Debug|x86.ActiveCfg = Debug|Win32
		{8D0CF494-0D74-465F-9528-A3ABF91D8ABC}.Debug|x86.Build.0 = Debug|Win32
		{8D0CF494-0D74-465F-9528-A3ABF91D8ABC}.Release|Any CPU.ActiveCfg = Release|Win32
		{8D0CF494-0D74-465F-9528-A3ABF91D8ABC}.Release|x64.ActiveCfg = Release|x64
		{8D0CF494-0D74-465F-9528-A3ABF91D8ABC}.Release|x64.Build.0 = Release|x64
		{8D0CF494-0D74-465F-9528-A3ABF91D8ABC}.Release|x86.ActiveCfg = Release|Win32
		{8D0CF494-0D74-465F-9528-A3ABF91D8ABC}.Release|x86.Build.0 = Release|Win32
		{C99EA8A9-CEF1-4303-B078-9B21EBFD68C9}.Debug|Any CPU.ActiveCfg = Debug|Win32
		{C99EA8A9-CEF1-4303-B078-9B21EBFD68C9}.Debug|x64.ActiveCfg = Debug|x64
		{C99EA8A9-CEF1-4303-B078-9B21EBFD68C9}.Debug|x64.Build.0 = Debug|x64
		{C99EA8A9-CEF1-4303-B078-9B21EBFD68C9}.Debug|x86.ActiveCfg = Debug|Win32
		{C99EA8A9-CEF1-4303-B078-9B21EBFD68C9}.Debug|x86.Build.0 = Debug|Win32
		{C99EA8A9-CEF1-4303-B078-9B21EBFD68C9}.Release|Any CPU.ActiveCfg = Release|Win32
		{C99EA8A9-CEF1-4303-B078-9B21EBFD68C9}.Release|x64.ActiveCfg = Release|x64
		{C99EA8A9-CEF1-4303-B078-9B21EBFD68C9}.Release|x64.Build.0 = Release|x64
		{C99EA8A9-CEF1-4303-B078-9B21EBFD68C9}.Release|x86.ActiveCfg = Release|Win32
		{C99EA8A9-CEF1-4303-B078-9B21EBFD68C9}.Release|x86.Build.0 = Release|Win32
		{4DC3E8BE-A928-4CA2-B487-30431F59D657}.Debug|Any CPU.ActiveCfg = Debug|Win32
		{4DC3E8BE-A928-4CA2-B487-30431F59D657}.Debug|x64.ActiveCfg = Debug|x64
		{4DC3E8BE-A928-4CA2-B487-30431F59D657}.Debug|x64.Build.0 = Debug|x64
		{4DC3E8BE-A928-4CA2-B487-30431F59D657}.Debug|x86.ActiveCfg = Debug|Win32
		{4DC3E8BE-A928-4CA2-B487-30431F59D657}.Debug|x86.Build.0 = Debug|Win32
		{4DC3E8BE-A928-4CA2-B487-30431F59D657}.Release|Any CPU.ActiveCfg = Release|Win32
		{4DC3E8BE-A928-4CA2-B487-30431F59D657}.Release|x64.ActiveCfg = Release|x64
		{4DC3E8BE-A928-4CA2-B487-30431F59D657}.Release|x64.Build.0 = Release|x64
		{4DC3E8BE-A928-4CA2-B487-30431F59D657}.Release|x86.ActiveCfg = Release|Win32
		{4DC3E8BE-A928-4CA2-B487-30431F59D657}.Release|x86.Build.0 = Release|Win32
		{B4C4BC06-A2F3-4088-8269-E37EDB8F833E}.Debug|Any CPU.ActiveCfg = Debug|Win32
		{B4C4BC06-A2F3-4088-8269-E37EDB8F833E}.Debug|x64.ActiveCfg = Debug|x64
		{B4C4BC06-A2F3-4088-8269-E37EDB8F833E}.Debug|x64.Build.0 = Debug|x64
		{B4C4BC06-A2F3-4088-8269-E37EDB8F833E}.Debug|x86.ActiveCfg = Debug|Win32
		{B4C4BC06-A2F3-4088-8269-E37EDB8F833E}.Debug|x86.Build.0 = Debug|Win32
		{B4C4BC06-A2F3-4088-8269-E37EDB8F833E}.Release|Any CPU.ActiveCfg = Release|Win32
		{B4C4BC06-A2F3-4088-8269-E37EDB8F833E}.Release|x64.ActiveCfg = Release|x64
		{B4C4BC06-A2F3-4088-8269-E37EDB8F833E}.Release|x64.Build.0 = Release|x64
		{B4C4BC06-A2F3-4088-8269-E37EDB8F833E}.Release|x86.ActiveCfg = Release|Win32
		{B4C4BC06-A2F3-4088-8269-E37EDB8F833E}.Release|x86.Build.0 = Release|Win32
		{BCC89831-AE92-41BF-A79B-CB4568B08363}.Debug|Any CPU.ActiveCfg = Debug|Any CPU
		{BCC89831-AE92-41BF-A79B-CB4568B08363}.Debug|Any CPU.Build.0 = Debug|Any CPU
		{BCC89831-AE92-41BF-A79B-CB4568B08363}.Debug|x64.ActiveCfg = Debug|Any CPU
		{BCC89831-AE92-41BF-A79B-CB4568B08363}.Debug|x64.Build.0 = Debug|Any CPU
		{BCC89831-AE92-41BF-A79B-CB4568B08363}.Debug|x86.ActiveCfg = Debug|Any CPU
		{BCC89831-AE92-41BF-A79B-CB4568B08363}.Debug|x86.Build.0 = Debug|Any CPU
		{BCC89831-AE92-41BF-A79B-CB4568B08363}.Release|Any CPU.ActiveCfg = Release|Any CPU
		{BCC89831-AE92-41BF-A79B-CB4568B08363}.Release|Any CPU.Build.0 = Release|Any CPU
		{BCC89831-AE92-41BF-A79B-CB4568B08363}.Release|x64.ActiveCfg = Release|Any CPU
		{BCC89831-AE92-41BF-A79B-CB4568B08363}.Release|x64.Build.0 = Release|Any CPU
		{BCC89831-AE92-41BF-A79B-CB4568B08363}.Release|x86.ActiveCfg = Release|Any CPU
		{BCC89831-AE92-41BF-A79B-CB4568B08363}.Release|x86.Build.0 = Release|Any CPU
		{D4AE67E5-2BC3-44FF-8234-739689EDDC67}.Debug|Any CPU.ActiveCfg = Debug|Any CPU
		{D4AE67E5-2BC3-44FF-8234-739689EDDC67}.Debug|Any CPU.Build.0 = Debug|Any CPU
		{D4AE67E5-2BC3-44FF-8234-739689EDDC67}.Debug|x64.ActiveCfg = Debug|Any CPU
		{D4AE67E5-2BC3-44FF-8234-739689EDDC67}.Debug|x64.Build.0 = Debug|Any CPU
		{D4AE67E5-2BC3-44FF-8234-739689EDDC67}.Debug|x86.ActiveCfg = Debug|Any CPU
		{D4AE67E5-2BC3-44FF-8234-739689EDDC67}.Debug|x86.Build.0 = Debug|Any CPU
		{D4AE67E5-2BC3-44FF-8234-739689EDDC67}.Release|Any CPU.ActiveCfg = Release|Any CPU
		{D4AE67E5-2BC3-44FF-8234-739689EDDC67}.Release|Any CPU.Build.0 = Release|Any CPU
		{D4AE67E5-2BC3-44FF-8234-739689EDDC67}.Release|x64.ActiveCfg = Release|Any CPU
		{D4AE67E5-2BC3-44FF-8234-739689EDDC67}.Release|x64.Build.0 = Release|Any CPU
		{D4AE67E5-2BC3-44FF-8234-739689EDDC67}.Release|x86.ActiveCfg = Release|Any CPU
		{D4AE67E5-2BC3-44FF-8234-739689EDDC67}.Release|x86.Build.0 = Release|Any CPU
		{1316F77B-BF93-43F0-8FEB-B53DD0CAAA32}.Debug|Any CPU.ActiveCfg = Debug|Any CPU
		{1316F77B-BF93-43F0-8FEB-B53DD0CAAA32}.Debug|Any CPU.Build.0 = Debug|Any CPU
		{1316F77B-BF93-43F0-8FEB-B53DD0CAAA32}.Debug|x64.ActiveCfg = Debug|Any CPU
		{1316F77B-BF93-43F0-8FEB-B53DD0CAAA32}.Debug|x64.Build.0 = Debug|Any CPU
		{1316F77B-BF93-43F0-8FEB-B53DD0CAAA32}.Debug|x86.ActiveCfg = Debug|Any CPU
		{1316F77B-BF93-43F0-8FEB-B53DD0CAAA32}.Debug|x86.Build.0 = Debug|Any CPU
		{1316F77B-BF93-43F0-8FEB-B53DD0CAAA32}.Release|Any CPU.ActiveCfg = Release|Any CPU
		{1316F77B-BF93-43F0-8FEB-B53DD0CAAA32}.Release|Any CPU.Build.0 = Release|Any CPU
		{1316F77B-BF93-43F0-8FEB-B53DD0CAAA32}.Release|x64.ActiveCfg = Release|Any CPU
		{1316F77B-BF93-43F0-8FEB-B53DD0CAAA32}.Release|x64.Build.0 = Release|Any CPU
		{1316F77B-BF93-43F0-8FEB-B53DD0CAAA32}.Release|x86.ActiveCfg = Release|Any CPU
		{1316F77B-BF93-43F0-8FEB-B53DD0CAAA32}.Release|x86.Build.0 = Release|Any CPU
		{E24B6F1C-B20A-49C9-A871-7B7740F20E71}.Debug|Any CPU.ActiveCfg = Debug|Win32
		{E24B6F1C-B20A-49C9-A871-7B7740F20E71}.Debug|x64.ActiveCfg = Debug|x64
		{E24B6F1C-B20A-49C9-A871-7B7740F20E71}.Debug|x64.Build.0 = Debug|x64
		{E24B6F1C-B20A-49C9-A871-7B7740F20E71}.Debug|x86.ActiveCfg = Debug|Win32
		{E24B6F1C-B20A-49C9-A871-7B7740F20E71}.Debug|x86.Build.0 = Debug|Win32
		{E24B6F1C-B20A-49C9-A871-7B7740F20E71}.Release|Any CPU.ActiveCfg = Release|Win32
		{E24B6F1C-B20A-49C9-A871-7B7740F20E71}.Release|x64.ActiveCfg = Release|x64
		{E24B6F1C-B20A-49C9-A871-7B7740F20E71}.Release|x64.Build.0 = Release|x64
		{E24B6F1C-B20A-49C9-A871-7B7740F20E71}.Release|x86.ActiveCfg = Release|Win32
		{E24B6F1C-B20A-49C9-A871-7B7740F20E71}.Release|x86.Build.0 = Release|Win32
		{FF920734-E919-4217-99C6-2BAB60E7FD9E}.Debug|Any CPU.ActiveCfg = Debug|Win32
		{FF920734-E919-4217-99C6-2BAB60E7FD9E}.Debug|x64.ActiveCfg = Debug|x64
		{FF920734-E919-4217-99C6-2BAB60E7FD9E}.Debug|x64.Build.0 = Debug|x64
		{FF920734-E919-4217-99C6-2BAB60E7FD9E}.Debug|x86.ActiveCfg = Debug|Win32
		{FF920734-E919-4217-99C6-2BAB60E7FD9E}.Debug|x86.Build.0 = Debug|Win32
		{FF920734-E919-4217-99C6-2BAB60E7FD9E}.Release|Any CPU.ActiveCfg = Release|Win32
		{FF920734-E919-4217-99C6-2BAB60E7FD9E}.Release|x64.ActiveCfg = Release|x64
		{FF920734-E919-4217-99C6-2BAB60E7FD9E}.Release|x64.Build.0 = Release|x64
		{FF920734-E919-4217-99C6-2BAB60E7FD9E}.Release|x86.ActiveCfg = Release|Win32
		{FF920734-E919-4217-99C6-2BAB60E7FD9E}.Release|x86.Build.0 = Release|Win32
		{1ACDFF0D-EC96-47E7-9D01-1819896D5F52}.Debug|Any CPU.ActiveCfg = Debug|Win32
		{1ACDFF0D-EC96-47E7-9D01-1819896D5F52}.Debug|x64.ActiveCfg = Debug|x64
		{1ACDFF0D-EC96-47E7-9D01-1819896D5F52}.Debug|x64.Build.0 = Debug|x64
		{1ACDFF0D-EC96-47E7-9D01-1819896D5F52}.Debug|x86.ActiveCfg = Debug|Win32
		{1ACDFF0D-EC96-47E7-9D01-1819896D5F52}.Debug|x86.Build.0 = Debug|Win32
		{1ACDFF0D-EC96-47E7-9D01-1819896D5F52}.Release|Any CPU.ActiveCfg = Release|Win32
		{1ACDFF0D-EC96-47E7-9D01-1819896D5F52}.Release|x64.ActiveCfg = Release|x64
		{1ACDFF0D-EC96-47E7-9D01-1819896D5F52}.Release|x64.Build.0 = Release|x64
		{1ACDFF0D-EC96-47E7-9D01-1819896D5F52}.Release|x86.ActiveCfg = Release|Win32
		{1ACDFF0D-EC96-47E7-9D01-1819896D5F52}.Release|x86.Build.0 = Release|Win32
	EndGlobalSection
	GlobalSection(SolutionProperties) = preSolution
		HideSolutionNode = FALSE
	EndGlobalSection
EndGlobal
